
Microsoft Visual Studio Solution File, Format Version 12.00
# Visual Studio Version 16
VisualStudioVersion = 16.0.29806.167
MinimumVisualStudioVersion = 10.0.40219.1
Project("{FAE04EC0-301F-11D3-BF4B-00C04F79EFBC}") = "WindowsFormsApp1", "WindowsFormsApp1\WindowsFormsApp1.csproj", "{36295C00-BE78-4376-880E-0D251A9E9F9C}"
EndProject
Global
	GlobalSection(SolutionConfigurationPlatforms) = preSolution
		Debug|Any CPU = Debug|Any CPU
		Release|Any CPU = Release|Any CPU
	EndGlobalSection
	GlobalSection(ProjectConfigurationPlatforms) = postSolution
		{36295C00-BE78-4376-880E-0D251A9E9F9C}.Debug|Any CPU.ActiveCfg = Debug|Any CPU
		{36295C00-BE78-4376-880E-0D251A9E9F9C}.Debug|Any CPU.Build.0 = Debug|Any CPU
		{36295C00-BE78-4376-880E-0D251A9E9F9C}.Release|Any CPU.ActiveCfg = Release|Any CPU
		{36295C00-BE78-4376-880E-0D251A9E9F9C}.Release|Any CPU.Build.0 = Release|Any CPU
	EndGlobalSection
	GlobalSection(SolutionProperties) = preSolution
		HideSolutionNode = FALSE
	EndGlobalSection
	GlobalSection(ExtensibilityGlobals) = postSolution
		SolutionGuid = {5E70DC1A-B566-467F-BCFF-69CD59FC7356}
	EndGlobalSection
EndGlobal
